
Microsoft Visual Studio Solution File, Format Version 12.00
# Visual Studio Version 16
VisualStudioVersion = 16.0.30611.23
MinimumVisualStudioVersion = 10.0.40219.1
Project("{FAE04EC0-301F-11D3-BF4B-00C04F79EFBC}") = "DownloadManagerServerApp", "DownloadManagerServerApp\DownloadManagerServerApp.csproj", "{04CA6A57-447F-4FA1-8A55-B7ABD925D7DC}"
EndProject
Global
	GlobalSection(SolutionConfigurationPlatforms) = preSolution
		Debug|Any CPU = Debug|Any CPU
		Release|Any CPU = Release|Any CPU
	EndGlobalSection
	GlobalSection(ProjectConfigurationPlatforms) = postSolution
		{04CA6A57-447F-4FA1-8A55-B7ABD925D7DC}.Debug|Any CPU.ActiveCfg = Debug|Any CPU
		{04CA6A57-447F-4FA1-8A55-B7ABD925D7DC}.Debug|Any CPU.Build.0 = Debug|Any CPU
		{04CA6A57-447F-4FA1-8A55-B7ABD925D7DC}.Release|Any CPU.ActiveCfg = Release|Any CPU
		{04CA6A57-447F-4FA1-8A55-B7ABD925D7DC}.Release|Any CPU.Build.0 = Release|Any CPU
	EndGlobalSection
	GlobalSection(SolutionProperties) = preSolution
		HideSolutionNode = FALSE
	EndGlobalSection
	GlobalSection(ExtensibilityGlobals) = postSolution
		SolutionGuid = {F0738B1B-810C-4776-A7BE-26FAE63795C7}
	EndGlobalSection
EndGlobal
